
Microsoft Visual Studio Solution File, Format Version 12.00
# Visual Studio Version 16
VisualStudioVersion = 16.0.29709.97
MinimumVisualStudioVersion = 10.0.40219.1
Project("{9A19103F-16F7-4668-BE54-9A1E7A4F7556}") = "EvaluationFramework", "EvaluationFramework.csproj", "{636AE0AE-7CDF-42FD-8B85-842265599068}"
EndProject
Global
	GlobalSection(SolutionConfigurationPlatforms) = preSolution
		Debug|Any CPU = Debug|Any CPU
		Release|Any CPU = Release|Any CPU
	EndGlobalSection
	GlobalSection(ProjectConfigurationPlatforms) = postSolution
		{636AE0AE-7CDF-42FD-8B85-842265599068}.Debug|Any CPU.ActiveCfg = Debug|Any CPU
		{636AE0AE-7CDF-42FD-8B85-842265599068}.Debug|Any CPU.Build.0 = Debug|Any CPU
		{636AE0AE-7CDF-42FD-8B85-842265599068}.Release|Any CPU.ActiveCfg = Release|Any CPU
		{636AE0AE-7CDF-42FD-8B85-842265599068}.Release|Any CPU.Build.0 = Release|Any CPU
	EndGlobalSection
	GlobalSection(SolutionProperties) = preSolution
		HideSolutionNode = FALSE
	EndGlobalSection
	GlobalSection(ExtensibilityGlobals) = postSolution
		SolutionGuid = {BC1D7D8D-BAC2-48EA-9D05-2AFDA9967BBC}
	EndGlobalSection
EndGlobal
